
Microsoft Visual Studio Solution File, Format Version 12.00
# Visual Studio 15
VisualStudioVersion = 15.0.28306.52
MinimumVisualStudioVersion = 10.0.40219.1
Project("{FAE04EC0-301F-11D3-BF4B-00C04F79EFBC}") = "ProjectSCAM", "ProjectSCAM\ProjectSCAM.csproj", "{D52C9428-9A10-4C84-824F-B2690D22345D}"
EndProject
Project("{FAE04EC0-301F-11D3-BF4B-00C04F79EFBC}") = "ProjectSCAM.Tests", "ProjectSCAM.Tests\ProjectSCAM.Tests.csproj", "{4F9780FE-D5B9-42F1-B495-2AC4A005BFBB}"
EndProject
Global
	GlobalSection(SolutionConfigurationPlatforms) = preSolution
		Debug|Any CPU = Debug|Any CPU
		Release|Any CPU = Release|Any CPU
	EndGlobalSection
	GlobalSection(ProjectConfigurationPlatforms) = postSolution
		{D52C9428-9A10-4C84-824F-B2690D22345D}.Debug|Any CPU.ActiveCfg = Debug|Any CPU
		{D52C9428-9A10-4C84-824F-B2690D22345D}.Debug|Any CPU.Build.0 = Debug|Any CPU
		{D52C9428-9A10-4C84-824F-B2690D22345D}.Release|Any CPU.ActiveCfg = Release|Any CPU
		{D52C9428-9A10-4C84-824F-B2690D22345D}.Release|Any CPU.Build.0 = Release|Any CPU
		{4F9780FE-D5B9-42F1-B495-2AC4A005BFBB}.Debug|Any CPU.ActiveCfg = Debug|Any CPU
		{4F9780FE-D5B9-42F1-B495-2AC4A005BFBB}.Debug|Any CPU.Build.0 = Debug|Any CPU
		{4F9780FE-D5B9-42F1-B495-2AC4A005BFBB}.Release|Any CPU.ActiveCfg = Release|Any CPU
		{4F9780FE-D5B9-42F1-B495-2AC4A005BFBB}.Release|Any CPU.Build.0 = Release|Any CPU
	EndGlobalSection
	GlobalSection(SolutionProperties) = preSolution
		HideSolutionNode = FALSE
	EndGlobalSection
	GlobalSection(ExtensibilityGlobals) = postSolution
		SolutionGuid = {5A689D04-EB56-4902-A930-0CCE3ACDDB36}
	EndGlobalSection
EndGlobal
