
Microsoft Visual Studio Solution File, Format Version 12.00
# Visual Studio 15
VisualStudioVersion = 15.0.28307.136
MinimumVisualStudioVersion = 10.0.40219.1
Project("{FAE04EC0-301F-11D3-BF4B-00C04F79EFBC}") = "SCAMS", "SCAMS\SCAMS.csproj", "{FA92F7B5-E3DC-42C9-8677-801B9992A8DF}"
EndProject
Global
	GlobalSection(SolutionConfigurationPlatforms) = preSolution
		Debug|Any CPU = Debug|Any CPU
		Release|Any CPU = Release|Any CPU
	EndGlobalSection
	GlobalSection(ProjectConfigurationPlatforms) = postSolution
		{FA92F7B5-E3DC-42C9-8677-801B9992A8DF}.Debug|Any CPU.ActiveCfg = Debug|Any CPU
		{FA92F7B5-E3DC-42C9-8677-801B9992A8DF}.Debug|Any CPU.Build.0 = Debug|Any CPU
		{FA92F7B5-E3DC-42C9-8677-801B9992A8DF}.Release|Any CPU.ActiveCfg = Release|Any CPU
		{FA92F7B5-E3DC-42C9-8677-801B9992A8DF}.Release|Any CPU.Build.0 = Release|Any CPU
	EndGlobalSection
	GlobalSection(SolutionProperties) = preSolution
		HideSolutionNode = FALSE
	EndGlobalSection
	GlobalSection(ExtensibilityGlobals) = postSolution
		SolutionGuid = {38D8311E-AA29-494F-8D89-7721B1089396}
	EndGlobalSection
EndGlobal
