
Microsoft Visual Studio Solution File, Format Version 12.00
# Visual Studio 15
VisualStudioVersion = 15.0.28307.136
MinimumVisualStudioVersion = 10.0.40219.1
Project("{FAE04EC0-301F-11D3-BF4B-00C04F79EFBC}") = "SCAMS", "SCAMS\SCAMS.csproj", "{F260B7EE-A44A-4829-A84C-0906E06C4B47}"
EndProject
Project("{FAE04EC0-301F-11D3-BF4B-00C04F79EFBC}") = "SCAMS.Tests", "SCAMS.Tests\SCAMS.Tests.csproj", "{D8BAD642-74D7-4FA7-B92F-2861D18DCF04}"
EndProject
Global
	GlobalSection(SolutionConfigurationPlatforms) = preSolution
		Debug|Any CPU = Debug|Any CPU
		Release|Any CPU = Release|Any CPU
	EndGlobalSection
	GlobalSection(ProjectConfigurationPlatforms) = postSolution
		{F260B7EE-A44A-4829-A84C-0906E06C4B47}.Debug|Any CPU.ActiveCfg = Debug|Any CPU
		{F260B7EE-A44A-4829-A84C-0906E06C4B47}.Debug|Any CPU.Build.0 = Debug|Any CPU
		{F260B7EE-A44A-4829-A84C-0906E06C4B47}.Release|Any CPU.ActiveCfg = Release|Any CPU
		{F260B7EE-A44A-4829-A84C-0906E06C4B47}.Release|Any CPU.Build.0 = Release|Any CPU
		{D8BAD642-74D7-4FA7-B92F-2861D18DCF04}.Debug|Any CPU.ActiveCfg = Debug|Any CPU
		{D8BAD642-74D7-4FA7-B92F-2861D18DCF04}.Debug|Any CPU.Build.0 = Debug|Any CPU
		{D8BAD642-74D7-4FA7-B92F-2861D18DCF04}.Release|Any CPU.ActiveCfg = Release|Any CPU
		{D8BAD642-74D7-4FA7-B92F-2861D18DCF04}.Release|Any CPU.Build.0 = Release|Any CPU
	EndGlobalSection
	GlobalSection(SolutionProperties) = preSolution
		HideSolutionNode = FALSE
	EndGlobalSection
	GlobalSection(ExtensibilityGlobals) = postSolution
		SolutionGuid = {1DF0CC66-88C8-4152-8032-66F6FB8EA6D0}
	EndGlobalSection
EndGlobal
